
Microsoft Visual Studio Solution File, Format Version 12.00
Project("{FAE04EC0-301F-11D3-BF4B-00C04F79EFBC}") = "LeetCode", "LeetCode\LeetCode.csproj", "{CA8DA634-D4E3-4969-89B8-65F09583C23D}"
EndProject
Global
	GlobalSection(SolutionConfigurationPlatforms) = preSolution
		Debug|Any CPU = Debug|Any CPU
		Release|Any CPU = Release|Any CPU
	EndGlobalSection
	GlobalSection(ProjectConfigurationPlatforms) = postSolution
		{CA8DA634-D4E3-4969-89B8-65F09583C23D}.Debug|Any CPU.ActiveCfg = Debug|Any CPU
		{CA8DA634-D4E3-4969-89B8-65F09583C23D}.Debug|Any CPU.Build.0 = Debug|Any CPU
		{CA8DA634-D4E3-4969-89B8-65F09583C23D}.Release|Any CPU.ActiveCfg = Release|Any CPU
		{CA8DA634-D4E3-4969-89B8-65F09583C23D}.Release|Any CPU.Build.0 = Release|Any CPU
	EndGlobalSection
EndGlobal
